
Microsoft Visual Studio Solution File, Format Version 12.00
# Visual Studio 15
VisualStudioVersion = 15.0.26206.0
MinimumVisualStudioVersion = 10.0.40219.1
Project("{FAE04EC0-301F-11D3-BF4B-00C04F79EFBC}") = "SimpleHttpServer", "SimpleHttpServer\SimpleHttpServer.csproj", "{9E139539-C272-488A-BFCF-CADDF458DF9D}"
EndProject
Project("{FAE04EC0-301F-11D3-BF4B-00C04F79EFBC}") = "SimpleMVC", "SimpleMVC\SimpleMVC.csproj", "{F2EF3059-AA6C-45C8-9DBB-9D36E62AF1B8}"
EndProject
Project("{2150E333-8FDC-42A3-9474-1A3956D46DE8}") = "Data", "Data", "{4A10BF2E-8782-4EDA-86DF-1AE077E84440}"
EndProject
Project("{FAE04EC0-301F-11D3-BF4B-00C04F79EFBC}") = "SoftUniStore.Models", "SoftUniStore.Models\SoftUniStore.Models.csproj", "{3542C0B8-1DF4-412B-88F7-E56B1068719C}"
EndProject
Project("{FAE04EC0-301F-11D3-BF4B-00C04F79EFBC}") = "SoftUniStore.Data", "SoftUniStore.Data\SoftUniStore.Data.csproj", "{D9960110-2B52-42EE-B6A9-CD7289E8D1BD}"
EndProject
Project("{FAE04EC0-301F-11D3-BF4B-00C04F79EFBC}") = "SoftUniStore.Common", "SoftUniStore.Common\SoftUniStore.Common.csproj", "{FC438ED2-A6D8-424B-B538-8295FB85F7D6}"
EndProject
Project("{FAE04EC0-301F-11D3-BF4B-00C04F79EFBC}") = "SoftUniStore.Web", "SoftUniStore.Web\SoftUniStore.Web.csproj", "{CA8CAFAB-F844-494A-A180-1249AED75510}"
EndProject
Global
	GlobalSection(SolutionConfigurationPlatforms) = preSolution
		Debug|Any CPU = Debug|Any CPU
		Debug|x86 = Debug|x86
		Release|Any CPU = Release|Any CPU
		Release|x86 = Release|x86
	EndGlobalSection
	GlobalSection(ProjectConfigurationPlatforms) = postSolution
		{9E139539-C272-488A-BFCF-CADDF458DF9D}.Debug|Any CPU.ActiveCfg = Debug|Any CPU
		{9E139539-C272-488A-BFCF-CADDF458DF9D}.Debug|Any CPU.Build.0 = Debug|Any CPU
		{9E139539-C272-488A-BFCF-CADDF458DF9D}.Debug|x86.ActiveCfg = Debug|x86
		{9E139539-C272-488A-BFCF-CADDF458DF9D}.Debug|x86.Build.0 = Debug|x86
		{9E139539-C272-488A-BFCF-CADDF458DF9D}.Release|Any CPU.ActiveCfg = Release|Any CPU
		{9E139539-C272-488A-BFCF-CADDF458DF9D}.Release|Any CPU.Build.0 = Release|Any CPU
		{9E139539-C272-488A-BFCF-CADDF458DF9D}.Release|x86.ActiveCfg = Release|x86
		{9E139539-C272-488A-BFCF-CADDF458DF9D}.Release|x86.Build.0 = Release|x86
		{F2EF3059-AA6C-45C8-9DBB-9D36E62AF1B8}.Debug|Any CPU.ActiveCfg = Debug|Any CPU
		{F2EF3059-AA6C-45C8-9DBB-9D36E62AF1B8}.Debug|Any CPU.Build.0 = Debug|Any CPU
		{F2EF3059-AA6C-45C8-9DBB-9D36E62AF1B8}.Debug|x86.ActiveCfg = Debug|Any CPU
		{F2EF3059-AA6C-45C8-9DBB-9D36E62AF1B8}.Debug|x86.Build.0 = Debug|Any CPU
		{F2EF3059-AA6C-45C8-9DBB-9D36E62AF1B8}.Release|Any CPU.ActiveCfg = Release|Any CPU
		{F2EF3059-AA6C-45C8-9DBB-9D36E62AF1B8}.Release|Any CPU.Build.0 = Release|Any CPU
		{F2EF3059-AA6C-45C8-9DBB-9D36E62AF1B8}.Release|x86.ActiveCfg = Release|Any CPU
		{F2EF3059-AA6C-45C8-9DBB-9D36E62AF1B8}.Release|x86.Build.0 = Release|Any CPU
		{3542C0B8-1DF4-412B-88F7-E56B1068719C}.Debug|Any CPU.ActiveCfg = Debug|Any CPU
		{3542C0B8-1DF4-412B-88F7-E56B1068719C}.Debug|Any CPU.Build.0 = Debug|Any CPU
		{3542C0B8-1DF4-412B-88F7-E56B1068719C}.Debug|x86.ActiveCfg = Debug|Any CPU
		{3542C0B8-1DF4-412B-88F7-E56B1068719C}.Debug|x86.Build.0 = Debug|Any CPU
		{3542C0B8-1DF4-412B-88F7-E56B1068719C}.Release|Any CPU.ActiveCfg = Release|Any CPU
		{3542C0B8-1DF4-412B-88F7-E56B1068719C}.Release|Any CPU.Build.0 = Release|Any CPU
		{3542C0B8-1DF4-412B-88F7-E56B1068719C}.Release|x86.ActiveCfg = Release|Any CPU
		{3542C0B8-1DF4-412B-88F7-E56B1068719C}.Release|x86.Build.0 = Release|Any CPU
		{D9960110-2B52-42EE-B6A9-CD7289E8D1BD}.Debug|Any CPU.ActiveCfg = Debug|Any CPU
		{D9960110-2B52-42EE-B6A9-CD7289E8D1BD}.Debug|Any CPU.Build.0 = Debug|Any CPU
		{D9960110-2B52-42EE-B6A9-CD7289E8D1BD}.Debug|x86.ActiveCfg = Debug|Any CPU
		{D9960110-2B52-42EE-B6A9-CD7289E8D1BD}.Debug|x86.Build.0 = Debug|Any CPU
		{D9960110-2B52-42EE-B6A9-CD7289E8D1BD}.Release|Any CPU.ActiveCfg = Release|Any CPU
		{D9960110-2B52-42EE-B6A9-CD7289E8D1BD}.Release|Any CPU.Build.0 = Release|Any CPU
		{D9960110-2B52-42EE-B6A9-CD7289E8D1BD}.Release|x86.ActiveCfg = Release|Any CPU
		{D9960110-2B52-42EE-B6A9-CD7289E8D1BD}.Release|x86.Build.0 = Release|Any CPU
		{FC438ED2-A6D8-424B-B538-8295FB85F7D6}.Debug|Any CPU.ActiveCfg = Debug|Any CPU
		{FC438ED2-A6D8-424B-B538-8295FB85F7D6}.Debug|Any CPU.Build.0 = Debug|Any CPU
		{FC438ED2-A6D8-424B-B538-8295FB85F7D6}.Debug|x86.ActiveCfg = Debug|Any CPU
		{FC438ED2-A6D8-424B-B538-8295FB85F7D6}.Debug|x86.Build.0 = Debug|Any CPU
		{FC438ED2-A6D8-424B-B538-8295FB85F7D6}.Release|Any CPU.ActiveCfg = Release|Any CPU
		{FC438ED2-A6D8-424B-B538-8295FB85F7D6}.Release|Any CPU.Build.0 = Release|Any CPU
		{FC438ED2-A6D8-424B-B538-8295FB85F7D6}.Release|x86.ActiveCfg = Release|Any CPU
		{FC438ED2-A6D8-424B-B538-8295FB85F7D6}.Release|x86.Build.0 = Release|Any CPU
		{CA8CAFAB-F844-494A-A180-1249AED75510}.Debug|Any CPU.ActiveCfg = Debug|Any CPU
		{CA8CAFAB-F844-494A-A180-1249AED75510}.Debug|Any CPU.Build.0 = Debug|Any CPU
		{CA8CAFAB-F844-494A-A180-1249AED75510}.Debug|x86.ActiveCfg = Debug|Any CPU
		{CA8CAFAB-F844-494A-A180-1249AED75510}.Debug|x86.Build.0 = Debug|Any CPU
		{CA8CAFAB-F844-494A-A180-1249AED75510}.Release|Any CPU.ActiveCfg = Release|Any CPU
		{CA8CAFAB-F844-494A-A180-1249AED75510}.Release|Any CPU.Build.0 = Release|Any CPU
		{CA8CAFAB-F844-494A-A180-1249AED75510}.Release|x86.ActiveCfg = Release|Any CPU
		{CA8CAFAB-F844-494A-A180-1249AED75510}.Release|x86.Build.0 = Release|Any CPU
	EndGlobalSection
	GlobalSection(SolutionProperties) = preSolution
		HideSolutionNode = FALSE
	EndGlobalSection
	GlobalSection(NestedProjects) = preSolution
		{3542C0B8-1DF4-412B-88F7-E56B1068719C} = {4A10BF2E-8782-4EDA-86DF-1AE077E84440}
		{D9960110-2B52-42EE-B6A9-CD7289E8D1BD} = {4A10BF2E-8782-4EDA-86DF-1AE077E84440}
	EndGlobalSection
EndGlobal
