
Microsoft Visual Studio Solution File, Format Version 12.00
# Visual Studio 14
VisualStudioVersion = 14.0.25123.0
MinimumVisualStudioVersion = 10.0.40219.1
Project("{FAE04EC0-301F-11D3-BF4B-00C04F79EFBC}") = "01.Cubic-Artillery", "01.Cubic-Artillery\01.Cubic-Artillery.csproj", "{288C8F38-07BF-45C8-A6E2-182B4E2D9F51}"
EndProject
Project("{FAE04EC0-301F-11D3-BF4B-00C04F79EFBC}") = "02.Cubics-Rube", "02.Cubics-Rube\02.Cubics-Rube.csproj", "{D8534BCD-43FF-4D49-B735-C2FBF407842E}"
EndProject
Project("{FAE04EC0-301F-11D3-BF4B-00C04F79EFBC}") = "03.Cubic-Messages", "03.Cubic-Messages\03.Cubic-Messages.csproj", "{DE637E97-6228-41CB-9957-63CEF25F9792}"
EndProject
Project("{FAE04EC0-301F-11D3-BF4B-00C04F79EFBC}") = "04.Cubic-Assault", "04.Cubic-Assault\04.Cubic-Assault.csproj", "{559428D5-6C1E-4E1A-B4A8-B0B4F372BB2D}"
EndProject
Global
	GlobalSection(SolutionConfigurationPlatforms) = preSolution
		Debug|Any CPU = Debug|Any CPU
		Release|Any CPU = Release|Any CPU
	EndGlobalSection
	GlobalSection(ProjectConfigurationPlatforms) = postSolution
		{288C8F38-07BF-45C8-A6E2-182B4E2D9F51}.Debug|Any CPU.ActiveCfg = Debug|Any CPU
		{288C8F38-07BF-45C8-A6E2-182B4E2D9F51}.Debug|Any CPU.Build.0 = Debug|Any CPU
		{288C8F38-07BF-45C8-A6E2-182B4E2D9F51}.Release|Any CPU.ActiveCfg = Release|Any CPU
		{288C8F38-07BF-45C8-A6E2-182B4E2D9F51}.Release|Any CPU.Build.0 = Release|Any CPU
		{D8534BCD-43FF-4D49-B735-C2FBF407842E}.Debug|Any CPU.ActiveCfg = Debug|Any CPU
		{D8534BCD-43FF-4D49-B735-C2FBF407842E}.Debug|Any CPU.Build.0 = Debug|Any CPU
		{D8534BCD-43FF-4D49-B735-C2FBF407842E}.Release|Any CPU.ActiveCfg = Release|Any CPU
		{D8534BCD-43FF-4D49-B735-C2FBF407842E}.Release|Any CPU.Build.0 = Release|Any CPU
		{DE637E97-6228-41CB-9957-63CEF25F9792}.Debug|Any CPU.ActiveCfg = Debug|Any CPU
		{DE637E97-6228-41CB-9957-63CEF25F9792}.Debug|Any CPU.Build.0 = Debug|Any CPU
		{DE637E97-6228-41CB-9957-63CEF25F9792}.Release|Any CPU.ActiveCfg = Release|Any CPU
		{DE637E97-6228-41CB-9957-63CEF25F9792}.Release|Any CPU.Build.0 = Release|Any CPU
		{559428D5-6C1E-4E1A-B4A8-B0B4F372BB2D}.Debug|Any CPU.ActiveCfg = Debug|Any CPU
		{559428D5-6C1E-4E1A-B4A8-B0B4F372BB2D}.Debug|Any CPU.Build.0 = Debug|Any CPU
		{559428D5-6C1E-4E1A-B4A8-B0B4F372BB2D}.Release|Any CPU.ActiveCfg = Release|Any CPU
		{559428D5-6C1E-4E1A-B4A8-B0B4F372BB2D}.Release|Any CPU.Build.0 = Release|Any CPU
	EndGlobalSection
	GlobalSection(SolutionProperties) = preSolution
		HideSolutionNode = FALSE
	EndGlobalSection
EndGlobal
