
Microsoft Visual Studio Solution File, Format Version 12.00
# Visual Studio 14
VisualStudioVersion = 14.0.25123.0
MinimumVisualStudioVersion = 10.0.40219.1
Project("{FAE04EC0-301F-11D3-BF4B-00C04F79EFBC}") = "01.Array-Manipulator", "01.Array-Manipulator\01.Array-Manipulator.csproj", "{185F9B77-BA7D-48C8-9740-A833601A70B5}"
EndProject
Project("{FAE04EC0-301F-11D3-BF4B-00C04F79EFBC}") = "02.Radioactive-Bunnies", "02.Radioactive-Bunnies\02.Radioactive-Bunnies.csproj", "{87D989DC-CDC5-4069-AA3C-90B1ED6B3565}"
EndProject
Project("{FAE04EC0-301F-11D3-BF4B-00C04F79EFBC}") = "03.Shmoogle-Counter", "03.Shmoogle-Counter\03.Shmoogle-Counter.csproj", "{655B751F-188B-4157-912E-859B9624ACC3}"
EndProject
Project("{FAE04EC0-301F-11D3-BF4B-00C04F79EFBC}") = "04.Srabsko-Unleashed", "04.Srabsko-Unleashed\04.Srabsko-Unleashed.csproj", "{D53778C2-9FD8-454E-8CCD-BB3D6FDF84DE}"
EndProject
Global
	GlobalSection(SolutionConfigurationPlatforms) = preSolution
		Debug|Any CPU = Debug|Any CPU
		Release|Any CPU = Release|Any CPU
	EndGlobalSection
	GlobalSection(ProjectConfigurationPlatforms) = postSolution
		{185F9B77-BA7D-48C8-9740-A833601A70B5}.Debug|Any CPU.ActiveCfg = Debug|Any CPU
		{185F9B77-BA7D-48C8-9740-A833601A70B5}.Debug|Any CPU.Build.0 = Debug|Any CPU
		{185F9B77-BA7D-48C8-9740-A833601A70B5}.Release|Any CPU.ActiveCfg = Release|Any CPU
		{185F9B77-BA7D-48C8-9740-A833601A70B5}.Release|Any CPU.Build.0 = Release|Any CPU
		{87D989DC-CDC5-4069-AA3C-90B1ED6B3565}.Debug|Any CPU.ActiveCfg = Debug|Any CPU
		{87D989DC-CDC5-4069-AA3C-90B1ED6B3565}.Debug|Any CPU.Build.0 = Debug|Any CPU
		{87D989DC-CDC5-4069-AA3C-90B1ED6B3565}.Release|Any CPU.ActiveCfg = Release|Any CPU
		{87D989DC-CDC5-4069-AA3C-90B1ED6B3565}.Release|Any CPU.Build.0 = Release|Any CPU
		{655B751F-188B-4157-912E-859B9624ACC3}.Debug|Any CPU.ActiveCfg = Debug|Any CPU
		{655B751F-188B-4157-912E-859B9624ACC3}.Debug|Any CPU.Build.0 = Debug|Any CPU
		{655B751F-188B-4157-912E-859B9624ACC3}.Release|Any CPU.ActiveCfg = Release|Any CPU
		{655B751F-188B-4157-912E-859B9624ACC3}.Release|Any CPU.Build.0 = Release|Any CPU
		{D53778C2-9FD8-454E-8CCD-BB3D6FDF84DE}.Debug|Any CPU.ActiveCfg = Debug|Any CPU
		{D53778C2-9FD8-454E-8CCD-BB3D6FDF84DE}.Debug|Any CPU.Build.0 = Debug|Any CPU
		{D53778C2-9FD8-454E-8CCD-BB3D6FDF84DE}.Release|Any CPU.ActiveCfg = Release|Any CPU
		{D53778C2-9FD8-454E-8CCD-BB3D6FDF84DE}.Release|Any CPU.Build.0 = Release|Any CPU
	EndGlobalSection
	GlobalSection(SolutionProperties) = preSolution
		HideSolutionNode = FALSE
	EndGlobalSection
EndGlobal
