
Microsoft Visual Studio Solution File, Format Version 12.00
# Visual Studio 14
VisualStudioVersion = 14.0.25420.1
MinimumVisualStudioVersion = 10.0.40219.1
Project("{FAE04EC0-301F-11D3-BF4B-00C04F79EFBC}") = "02NaturesProphet", "02NaturesProphet\02NaturesProphet.csproj", "{7FB2A7A4-A30C-4F0F-B3FF-A5FE7BF11516}"
EndProject
Project("{FAE04EC0-301F-11D3-BF4B-00C04F79EFBC}") = "03NMS", "03NMS\03NMS.csproj", "{AAF438A2-ACA9-4500-AC89-CC7E6E53A52C}"
EndProject
Project("{FAE04EC0-301F-11D3-BF4B-00C04F79EFBC}") = "04AshesOfRoses", "04AshesOfRoses\04AshesOfRoses.csproj", "{63ADCE71-4EA9-47BD-BCB2-C461B3762914}"
EndProject
Project("{FAE04EC0-301F-11D3-BF4B-00C04F79EFBC}") = "01SecondNature", "01SecondNature\01SecondNature.csproj", "{F7D660C7-3B03-45D4-BC93-CCE93125B842}"
EndProject
Global
	GlobalSection(SolutionConfigurationPlatforms) = preSolution
		Debug|Any CPU = Debug|Any CPU
		Release|Any CPU = Release|Any CPU
	EndGlobalSection
	GlobalSection(ProjectConfigurationPlatforms) = postSolution
		{7FB2A7A4-A30C-4F0F-B3FF-A5FE7BF11516}.Debug|Any CPU.ActiveCfg = Debug|Any CPU
		{7FB2A7A4-A30C-4F0F-B3FF-A5FE7BF11516}.Debug|Any CPU.Build.0 = Debug|Any CPU
		{7FB2A7A4-A30C-4F0F-B3FF-A5FE7BF11516}.Release|Any CPU.ActiveCfg = Release|Any CPU
		{7FB2A7A4-A30C-4F0F-B3FF-A5FE7BF11516}.Release|Any CPU.Build.0 = Release|Any CPU
		{AAF438A2-ACA9-4500-AC89-CC7E6E53A52C}.Debug|Any CPU.ActiveCfg = Debug|Any CPU
		{AAF438A2-ACA9-4500-AC89-CC7E6E53A52C}.Debug|Any CPU.Build.0 = Debug|Any CPU
		{AAF438A2-ACA9-4500-AC89-CC7E6E53A52C}.Release|Any CPU.ActiveCfg = Release|Any CPU
		{AAF438A2-ACA9-4500-AC89-CC7E6E53A52C}.Release|Any CPU.Build.0 = Release|Any CPU
		{63ADCE71-4EA9-47BD-BCB2-C461B3762914}.Debug|Any CPU.ActiveCfg = Debug|Any CPU
		{63ADCE71-4EA9-47BD-BCB2-C461B3762914}.Debug|Any CPU.Build.0 = Debug|Any CPU
		{63ADCE71-4EA9-47BD-BCB2-C461B3762914}.Release|Any CPU.ActiveCfg = Release|Any CPU
		{63ADCE71-4EA9-47BD-BCB2-C461B3762914}.Release|Any CPU.Build.0 = Release|Any CPU
		{F7D660C7-3B03-45D4-BC93-CCE93125B842}.Debug|Any CPU.ActiveCfg = Debug|Any CPU
		{F7D660C7-3B03-45D4-BC93-CCE93125B842}.Debug|Any CPU.Build.0 = Debug|Any CPU
		{F7D660C7-3B03-45D4-BC93-CCE93125B842}.Release|Any CPU.ActiveCfg = Release|Any CPU
		{F7D660C7-3B03-45D4-BC93-CCE93125B842}.Release|Any CPU.Build.0 = Release|Any CPU
	EndGlobalSection
	GlobalSection(SolutionProperties) = preSolution
		HideSolutionNode = FALSE
	EndGlobalSection
EndGlobal
