
Microsoft Visual Studio Solution File, Format Version 12.00
# Visual Studio 14
VisualStudioVersion = 14.0.25123.0
MinimumVisualStudioVersion = 10.0.40219.1
Project("{FAE04EC0-301F-11D3-BF4B-00C04F79EFBC}") = "01.Bunker-Buster", "01.Bunker-Buster\01.Bunker-Buster.csproj", "{27863FF3-866A-44F4-BD6B-1095CB4B304F}"
EndProject
Project("{FAE04EC0-301F-11D3-BF4B-00C04F79EFBC}") = "02.Array-Slider", "02.Array-Slider\02.Array-Slider.csproj", "{C6FD6C73-68BC-4674-8544-15DF75809097}"
EndProject
Project("{FAE04EC0-301F-11D3-BF4B-00C04F79EFBC}") = "03.Rage-Quit", "03.Rage-Quit\03.Rage-Quit.csproj", "{59079ED4-3EEC-4EB6-A2E1-A5DE7C13FB70}"
EndProject
Project("{FAE04EC0-301F-11D3-BF4B-00C04F79EFBC}") = "04.Population-Counter", "04.Population-Counter\04.Population-Counter.csproj", "{9B78FDD9-DD98-430B-80E0-D7F52773C5A8}"
EndProject
Global
	GlobalSection(SolutionConfigurationPlatforms) = preSolution
		Debug|Any CPU = Debug|Any CPU
		Release|Any CPU = Release|Any CPU
	EndGlobalSection
	GlobalSection(ProjectConfigurationPlatforms) = postSolution
		{27863FF3-866A-44F4-BD6B-1095CB4B304F}.Debug|Any CPU.ActiveCfg = Debug|Any CPU
		{27863FF3-866A-44F4-BD6B-1095CB4B304F}.Debug|Any CPU.Build.0 = Debug|Any CPU
		{27863FF3-866A-44F4-BD6B-1095CB4B304F}.Release|Any CPU.ActiveCfg = Release|Any CPU
		{27863FF3-866A-44F4-BD6B-1095CB4B304F}.Release|Any CPU.Build.0 = Release|Any CPU
		{C6FD6C73-68BC-4674-8544-15DF75809097}.Debug|Any CPU.ActiveCfg = Debug|Any CPU
		{C6FD6C73-68BC-4674-8544-15DF75809097}.Debug|Any CPU.Build.0 = Debug|Any CPU
		{C6FD6C73-68BC-4674-8544-15DF75809097}.Release|Any CPU.ActiveCfg = Release|Any CPU
		{C6FD6C73-68BC-4674-8544-15DF75809097}.Release|Any CPU.Build.0 = Release|Any CPU
		{59079ED4-3EEC-4EB6-A2E1-A5DE7C13FB70}.Debug|Any CPU.ActiveCfg = Debug|Any CPU
		{59079ED4-3EEC-4EB6-A2E1-A5DE7C13FB70}.Debug|Any CPU.Build.0 = Debug|Any CPU
		{59079ED4-3EEC-4EB6-A2E1-A5DE7C13FB70}.Release|Any CPU.ActiveCfg = Release|Any CPU
		{59079ED4-3EEC-4EB6-A2E1-A5DE7C13FB70}.Release|Any CPU.Build.0 = Release|Any CPU
		{9B78FDD9-DD98-430B-80E0-D7F52773C5A8}.Debug|Any CPU.ActiveCfg = Debug|Any CPU
		{9B78FDD9-DD98-430B-80E0-D7F52773C5A8}.Debug|Any CPU.Build.0 = Debug|Any CPU
		{9B78FDD9-DD98-430B-80E0-D7F52773C5A8}.Release|Any CPU.ActiveCfg = Release|Any CPU
		{9B78FDD9-DD98-430B-80E0-D7F52773C5A8}.Release|Any CPU.Build.0 = Release|Any CPU
	EndGlobalSection
	GlobalSection(SolutionProperties) = preSolution
		HideSolutionNode = FALSE
	EndGlobalSection
EndGlobal
