
Microsoft Visual Studio Solution File, Format Version 12.00
# Visual Studio 14
VisualStudioVersion = 14.0.25123.0
MinimumVisualStudioVersion = 10.0.40219.1
Project("{FAE04EC0-301F-11D3-BF4B-00C04F79EFBC}") = "01.Jedi-Meditation", "01.Jedi-Meditation\01.Jedi-Meditation.csproj", "{A7CA9AD4-8989-4EDE-ABEF-3F46C723ED96}"
EndProject
Project("{FAE04EC0-301F-11D3-BF4B-00C04F79EFBC}") = "02.Jedi-Galaxy", "02.Jedi-Galaxy\02.Jedi-Galaxy.csproj", "{A7B5141C-73B1-4EBF-BF4C-898ECC50B56E}"
EndProject
Project("{FAE04EC0-301F-11D3-BF4B-00C04F79EFBC}") = "03.Jedi-Code-X", "03.Jedi-Code-X\03.Jedi-Code-X.csproj", "{D71DF71F-2F4F-400C-8483-EDC70FA0E4FB}"
EndProject
Project("{FAE04EC0-301F-11D3-BF4B-00C04F79EFBC}") = "04.Jedi-Dreams", "04.Jedi-Dreams\04.Jedi-Dreams.csproj", "{0B4710C2-15AA-48A9-983E-4554EADAB005}"
EndProject
Global
	GlobalSection(SolutionConfigurationPlatforms) = preSolution
		Debug|Any CPU = Debug|Any CPU
		Release|Any CPU = Release|Any CPU
	EndGlobalSection
	GlobalSection(ProjectConfigurationPlatforms) = postSolution
		{A7CA9AD4-8989-4EDE-ABEF-3F46C723ED96}.Debug|Any CPU.ActiveCfg = Debug|Any CPU
		{A7CA9AD4-8989-4EDE-ABEF-3F46C723ED96}.Debug|Any CPU.Build.0 = Debug|Any CPU
		{A7CA9AD4-8989-4EDE-ABEF-3F46C723ED96}.Release|Any CPU.ActiveCfg = Release|Any CPU
		{A7CA9AD4-8989-4EDE-ABEF-3F46C723ED96}.Release|Any CPU.Build.0 = Release|Any CPU
		{A7B5141C-73B1-4EBF-BF4C-898ECC50B56E}.Debug|Any CPU.ActiveCfg = Debug|Any CPU
		{A7B5141C-73B1-4EBF-BF4C-898ECC50B56E}.Debug|Any CPU.Build.0 = Debug|Any CPU
		{A7B5141C-73B1-4EBF-BF4C-898ECC50B56E}.Release|Any CPU.ActiveCfg = Release|Any CPU
		{A7B5141C-73B1-4EBF-BF4C-898ECC50B56E}.Release|Any CPU.Build.0 = Release|Any CPU
		{D71DF71F-2F4F-400C-8483-EDC70FA0E4FB}.Debug|Any CPU.ActiveCfg = Debug|Any CPU
		{D71DF71F-2F4F-400C-8483-EDC70FA0E4FB}.Debug|Any CPU.Build.0 = Debug|Any CPU
		{D71DF71F-2F4F-400C-8483-EDC70FA0E4FB}.Release|Any CPU.ActiveCfg = Release|Any CPU
		{D71DF71F-2F4F-400C-8483-EDC70FA0E4FB}.Release|Any CPU.Build.0 = Release|Any CPU
		{0B4710C2-15AA-48A9-983E-4554EADAB005}.Debug|Any CPU.ActiveCfg = Debug|Any CPU
		{0B4710C2-15AA-48A9-983E-4554EADAB005}.Debug|Any CPU.Build.0 = Debug|Any CPU
		{0B4710C2-15AA-48A9-983E-4554EADAB005}.Release|Any CPU.ActiveCfg = Release|Any CPU
		{0B4710C2-15AA-48A9-983E-4554EADAB005}.Release|Any CPU.Build.0 = Release|Any CPU
	EndGlobalSection
	GlobalSection(SolutionProperties) = preSolution
		HideSolutionNode = FALSE
	EndGlobalSection
EndGlobal
