
Microsoft Visual Studio Solution File, Format Version 12.00
# Visual Studio 14
VisualStudioVersion = 14.0.25123.0
MinimumVisualStudioVersion = 10.0.40219.1
Project("{FAE04EC0-301F-11D3-BF4B-00C04F79EFBC}") = "01.Elections", "01.Elections\01.Elections.csproj", "{C075D22A-B229-4C4D-8778-139330EEB159}"
EndProject
Project("{FAE04EC0-301F-11D3-BF4B-00C04F79EFBC}") = "01.Parenthesis", "01.Parenthesis\01.Parenthesis.csproj", "{29560F7F-D35D-4B32-9C9F-50DD6CCAAC73}"
EndProject
Project("{FAE04EC0-301F-11D3-BF4B-00C04F79EFBC}") = "01.Renewal", "01.Renewal\01.Renewal.csproj", "{BC22EB74-9F3C-44A9-845D-F69EACC21708}"
EndProject
Project("{FAE04EC0-301F-11D3-BF4B-00C04F79EFBC}") = "01.Shortest-Path", "01.Shortest-Path\01.Shortest-Path.csproj", "{1F19EA47-6274-4391-9F70-8257B102BBD6}"
EndProject
Project("{FAE04EC0-301F-11D3-BF4B-00C04F79EFBC}") = "02.Guitar", "02.Guitar\02.Guitar.csproj", "{14A6CD4F-E50C-4B1E-93D8-836BF7ACA6BC}"
EndProject
Project("{FAE04EC0-301F-11D3-BF4B-00C04F79EFBC}") = "03.Towns", "03.Towns\03.Towns.csproj", "{B861707E-2150-4CAB-92AE-F9CBD176C3C1}"
EndProject
Project("{FAE04EC0-301F-11D3-BF4B-00C04F79EFBC}") = "04.Fast-and-Furious", "04.Fast-and-Furious\04.Fast-and-Furious.csproj", "{9696CE61-CCF0-4CFC-96E5-DFE5A132B112}"
EndProject
Global
	GlobalSection(SolutionConfigurationPlatforms) = preSolution
		Debug|Any CPU = Debug|Any CPU
		Release|Any CPU = Release|Any CPU
	EndGlobalSection
	GlobalSection(ProjectConfigurationPlatforms) = postSolution
		{C075D22A-B229-4C4D-8778-139330EEB159}.Debug|Any CPU.ActiveCfg = Debug|Any CPU
		{C075D22A-B229-4C4D-8778-139330EEB159}.Debug|Any CPU.Build.0 = Debug|Any CPU
		{C075D22A-B229-4C4D-8778-139330EEB159}.Release|Any CPU.ActiveCfg = Release|Any CPU
		{C075D22A-B229-4C4D-8778-139330EEB159}.Release|Any CPU.Build.0 = Release|Any CPU
		{29560F7F-D35D-4B32-9C9F-50DD6CCAAC73}.Debug|Any CPU.ActiveCfg = Debug|Any CPU
		{29560F7F-D35D-4B32-9C9F-50DD6CCAAC73}.Debug|Any CPU.Build.0 = Debug|Any CPU
		{29560F7F-D35D-4B32-9C9F-50DD6CCAAC73}.Release|Any CPU.ActiveCfg = Release|Any CPU
		{29560F7F-D35D-4B32-9C9F-50DD6CCAAC73}.Release|Any CPU.Build.0 = Release|Any CPU
		{BC22EB74-9F3C-44A9-845D-F69EACC21708}.Debug|Any CPU.ActiveCfg = Debug|Any CPU
		{BC22EB74-9F3C-44A9-845D-F69EACC21708}.Debug|Any CPU.Build.0 = Debug|Any CPU
		{BC22EB74-9F3C-44A9-845D-F69EACC21708}.Release|Any CPU.ActiveCfg = Release|Any CPU
		{BC22EB74-9F3C-44A9-845D-F69EACC21708}.Release|Any CPU.Build.0 = Release|Any CPU
		{1F19EA47-6274-4391-9F70-8257B102BBD6}.Debug|Any CPU.ActiveCfg = Debug|Any CPU
		{1F19EA47-6274-4391-9F70-8257B102BBD6}.Debug|Any CPU.Build.0 = Debug|Any CPU
		{1F19EA47-6274-4391-9F70-8257B102BBD6}.Release|Any CPU.ActiveCfg = Release|Any CPU
		{1F19EA47-6274-4391-9F70-8257B102BBD6}.Release|Any CPU.Build.0 = Release|Any CPU
		{14A6CD4F-E50C-4B1E-93D8-836BF7ACA6BC}.Debug|Any CPU.ActiveCfg = Debug|Any CPU
		{14A6CD4F-E50C-4B1E-93D8-836BF7ACA6BC}.Debug|Any CPU.Build.0 = Debug|Any CPU
		{14A6CD4F-E50C-4B1E-93D8-836BF7ACA6BC}.Release|Any CPU.ActiveCfg = Release|Any CPU
		{14A6CD4F-E50C-4B1E-93D8-836BF7ACA6BC}.Release|Any CPU.Build.0 = Release|Any CPU
		{B861707E-2150-4CAB-92AE-F9CBD176C3C1}.Debug|Any CPU.ActiveCfg = Debug|Any CPU
		{B861707E-2150-4CAB-92AE-F9CBD176C3C1}.Debug|Any CPU.Build.0 = Debug|Any CPU
		{B861707E-2150-4CAB-92AE-F9CBD176C3C1}.Release|Any CPU.ActiveCfg = Release|Any CPU
		{B861707E-2150-4CAB-92AE-F9CBD176C3C1}.Release|Any CPU.Build.0 = Release|Any CPU
		{9696CE61-CCF0-4CFC-96E5-DFE5A132B112}.Debug|Any CPU.ActiveCfg = Debug|Any CPU
		{9696CE61-CCF0-4CFC-96E5-DFE5A132B112}.Debug|Any CPU.Build.0 = Debug|Any CPU
		{9696CE61-CCF0-4CFC-96E5-DFE5A132B112}.Release|Any CPU.ActiveCfg = Release|Any CPU
		{9696CE61-CCF0-4CFC-96E5-DFE5A132B112}.Release|Any CPU.Build.0 = Release|Any CPU
	EndGlobalSection
	GlobalSection(SolutionProperties) = preSolution
		HideSolutionNode = FALSE
	EndGlobalSection
EndGlobal
