
Microsoft Visual Studio Solution File, Format Version 12.00
# Visual Studio 2013
VisualStudioVersion = 12.0.30501.0
MinimumVisualStudioVersion = 10.0.40219.1
Project("{FAE04EC0-301F-11D3-BF4B-00C04F79EFBC}") = "Problem01WorldCupBrazil", "Problem01WorldCupBrazil\Problem01WorldCupBrazil.csproj", "{5D4840FC-F6E6-4AA5-9F73-602C72165DF9}"
EndProject
Project("{FAE04EC0-301F-11D3-BF4B-00C04F79EFBC}") = "Problem03SoftUniStudentBeforeExam", "Problem03SoftUniStudentBeforeExam\Problem03SoftUniStudentBeforeExam.csproj", "{55E885EC-FB24-42E4-B279-F41AE06031B0}"
EndProject
Project("{FAE04EC0-301F-11D3-BF4B-00C04F79EFBC}") = "Problem02ColorKitchen", "Problem02ColorKitchen\Problem02ColorKitchen.csproj", "{A59CEFD0-C444-4C17-BFEF-96D56D5229BE}"
EndProject
Global
	GlobalSection(SolutionConfigurationPlatforms) = preSolution
		Debug|Any CPU = Debug|Any CPU
		Release|Any CPU = Release|Any CPU
	EndGlobalSection
	GlobalSection(ProjectConfigurationPlatforms) = postSolution
		{5D4840FC-F6E6-4AA5-9F73-602C72165DF9}.Debug|Any CPU.ActiveCfg = Debug|Any CPU
		{5D4840FC-F6E6-4AA5-9F73-602C72165DF9}.Debug|Any CPU.Build.0 = Debug|Any CPU
		{5D4840FC-F6E6-4AA5-9F73-602C72165DF9}.Release|Any CPU.ActiveCfg = Release|Any CPU
		{5D4840FC-F6E6-4AA5-9F73-602C72165DF9}.Release|Any CPU.Build.0 = Release|Any CPU
		{55E885EC-FB24-42E4-B279-F41AE06031B0}.Debug|Any CPU.ActiveCfg = Debug|Any CPU
		{55E885EC-FB24-42E4-B279-F41AE06031B0}.Debug|Any CPU.Build.0 = Debug|Any CPU
		{55E885EC-FB24-42E4-B279-F41AE06031B0}.Release|Any CPU.ActiveCfg = Release|Any CPU
		{55E885EC-FB24-42E4-B279-F41AE06031B0}.Release|Any CPU.Build.0 = Release|Any CPU
		{A59CEFD0-C444-4C17-BFEF-96D56D5229BE}.Debug|Any CPU.ActiveCfg = Debug|Any CPU
		{A59CEFD0-C444-4C17-BFEF-96D56D5229BE}.Debug|Any CPU.Build.0 = Debug|Any CPU
		{A59CEFD0-C444-4C17-BFEF-96D56D5229BE}.Release|Any CPU.ActiveCfg = Release|Any CPU
		{A59CEFD0-C444-4C17-BFEF-96D56D5229BE}.Release|Any CPU.Build.0 = Release|Any CPU
	EndGlobalSection
	GlobalSection(SolutionProperties) = preSolution
		HideSolutionNode = FALSE
	EndGlobalSection
EndGlobal
