
Microsoft Visual Studio Solution File, Format Version 12.00
# Visual Studio 14
VisualStudioVersion = 14.0.25420.1
MinimumVisualStudioVersion = 10.0.40219.1
Project("{FAE04EC0-301F-11D3-BF4B-00C04F79EFBC}") = "01ListyIterator", "01ListyIterator\01ListyIterator.csproj", "{A0AE571B-268A-42B3-AB5E-9E7114B24306}"
EndProject
Global
	GlobalSection(SolutionConfigurationPlatforms) = preSolution
		Debug|Any CPU = Debug|Any CPU
		Release|Any CPU = Release|Any CPU
	EndGlobalSection
	GlobalSection(ProjectConfigurationPlatforms) = postSolution
		{A0AE571B-268A-42B3-AB5E-9E7114B24306}.Debug|Any CPU.ActiveCfg = Debug|Any CPU
		{A0AE571B-268A-42B3-AB5E-9E7114B24306}.Debug|Any CPU.Build.0 = Debug|Any CPU
		{A0AE571B-268A-42B3-AB5E-9E7114B24306}.Release|Any CPU.ActiveCfg = Release|Any CPU
		{A0AE571B-268A-42B3-AB5E-9E7114B24306}.Release|Any CPU.Build.0 = Release|Any CPU
	EndGlobalSection
	GlobalSection(SolutionProperties) = preSolution
		HideSolutionNode = FALSE
	EndGlobalSection
EndGlobal
