
Microsoft Visual Studio Solution File, Format Version 12.00
# Visual Studio 14
VisualStudioVersion = 14.0.25123.0
MinimumVisualStudioVersion = 10.0.40219.1
Project("{FAE04EC0-301F-11D3-BF4B-00C04F79EFBC}") = "01. Cubes", "01.Cubes\01. Cubes.csproj", "{0B1A0F22-8398-4486-9E7D-F6ED59F1ECBE}"
EndProject
Project("{FAE04EC0-301F-11D3-BF4B-00C04F79EFBC}") = "02.Snakes", "02.Snakes\02.Snakes.csproj", "{76F29C4D-1D46-4911-9AEB-66920367FBF8}"
EndProject
Project("{FAE04EC0-301F-11D3-BF4B-00C04F79EFBC}") = "03.Words", "03.Words\03.Words.csproj", "{A62DA3A5-BFDF-4728-A80F-889DD04BC24A}"
EndProject
Project("{FAE04EC0-301F-11D3-BF4B-00C04F79EFBC}") = "04.Needles", "04.Needles\04.Needles.csproj", "{0EDA5C56-246F-43DE-BB38-EE73F567BC39}"
EndProject
Project("{FAE04EC0-301F-11D3-BF4B-00C04F79EFBC}") = "05.Salaries", "05.Salaries\05.Salaries.csproj", "{46D1DF94-43F6-408D-972B-4408418EF2E0}"
EndProject
Project("{FAE04EC0-301F-11D3-BF4B-00C04F79EFBC}") = "06.Blocks", "06.Blocks\06.Blocks.csproj", "{6D935A81-BDDB-480B-8612-6CA0EBE77BAA}"
EndProject
Project("{FAE04EC0-301F-11D3-BF4B-00C04F79EFBC}") = "07.Zigzag-Matrix", "07.Zigzag-Matrix\07.Zigzag-Matrix.csproj", "{D261DD93-C00D-4F4F-AEBF-979997409B7E}"
EndProject
Project("{FAE04EC0-301F-11D3-BF4B-00C04F79EFBC}") = "08.Shortest-Path-in-Matrix", "08.Shortest-Path-in-Matrix\08.Shortest-Path-in-Matrix.csproj", "{38A01240-91B0-406D-9408-D603F440709F}"
EndProject
Global
	GlobalSection(SolutionConfigurationPlatforms) = preSolution
		Debug|Any CPU = Debug|Any CPU
		Release|Any CPU = Release|Any CPU
	EndGlobalSection
	GlobalSection(ProjectConfigurationPlatforms) = postSolution
		{0B1A0F22-8398-4486-9E7D-F6ED59F1ECBE}.Debug|Any CPU.ActiveCfg = Debug|Any CPU
		{0B1A0F22-8398-4486-9E7D-F6ED59F1ECBE}.Debug|Any CPU.Build.0 = Debug|Any CPU
		{0B1A0F22-8398-4486-9E7D-F6ED59F1ECBE}.Release|Any CPU.ActiveCfg = Release|Any CPU
		{0B1A0F22-8398-4486-9E7D-F6ED59F1ECBE}.Release|Any CPU.Build.0 = Release|Any CPU
		{76F29C4D-1D46-4911-9AEB-66920367FBF8}.Debug|Any CPU.ActiveCfg = Debug|Any CPU
		{76F29C4D-1D46-4911-9AEB-66920367FBF8}.Debug|Any CPU.Build.0 = Debug|Any CPU
		{76F29C4D-1D46-4911-9AEB-66920367FBF8}.Release|Any CPU.ActiveCfg = Release|Any CPU
		{76F29C4D-1D46-4911-9AEB-66920367FBF8}.Release|Any CPU.Build.0 = Release|Any CPU
		{A62DA3A5-BFDF-4728-A80F-889DD04BC24A}.Debug|Any CPU.ActiveCfg = Debug|Any CPU
		{A62DA3A5-BFDF-4728-A80F-889DD04BC24A}.Debug|Any CPU.Build.0 = Debug|Any CPU
		{A62DA3A5-BFDF-4728-A80F-889DD04BC24A}.Release|Any CPU.ActiveCfg = Release|Any CPU
		{A62DA3A5-BFDF-4728-A80F-889DD04BC24A}.Release|Any CPU.Build.0 = Release|Any CPU
		{0EDA5C56-246F-43DE-BB38-EE73F567BC39}.Debug|Any CPU.ActiveCfg = Debug|Any CPU
		{0EDA5C56-246F-43DE-BB38-EE73F567BC39}.Debug|Any CPU.Build.0 = Debug|Any CPU
		{0EDA5C56-246F-43DE-BB38-EE73F567BC39}.Release|Any CPU.ActiveCfg = Release|Any CPU
		{0EDA5C56-246F-43DE-BB38-EE73F567BC39}.Release|Any CPU.Build.0 = Release|Any CPU
		{46D1DF94-43F6-408D-972B-4408418EF2E0}.Debug|Any CPU.ActiveCfg = Debug|Any CPU
		{46D1DF94-43F6-408D-972B-4408418EF2E0}.Debug|Any CPU.Build.0 = Debug|Any CPU
		{46D1DF94-43F6-408D-972B-4408418EF2E0}.Release|Any CPU.ActiveCfg = Release|Any CPU
		{46D1DF94-43F6-408D-972B-4408418EF2E0}.Release|Any CPU.Build.0 = Release|Any CPU
		{6D935A81-BDDB-480B-8612-6CA0EBE77BAA}.Debug|Any CPU.ActiveCfg = Debug|Any CPU
		{6D935A81-BDDB-480B-8612-6CA0EBE77BAA}.Debug|Any CPU.Build.0 = Debug|Any CPU
		{6D935A81-BDDB-480B-8612-6CA0EBE77BAA}.Release|Any CPU.ActiveCfg = Release|Any CPU
		{6D935A81-BDDB-480B-8612-6CA0EBE77BAA}.Release|Any CPU.Build.0 = Release|Any CPU
		{D261DD93-C00D-4F4F-AEBF-979997409B7E}.Debug|Any CPU.ActiveCfg = Debug|Any CPU
		{D261DD93-C00D-4F4F-AEBF-979997409B7E}.Debug|Any CPU.Build.0 = Debug|Any CPU
		{D261DD93-C00D-4F4F-AEBF-979997409B7E}.Release|Any CPU.ActiveCfg = Release|Any CPU
		{D261DD93-C00D-4F4F-AEBF-979997409B7E}.Release|Any CPU.Build.0 = Release|Any CPU
		{38A01240-91B0-406D-9408-D603F440709F}.Debug|Any CPU.ActiveCfg = Debug|Any CPU
		{38A01240-91B0-406D-9408-D603F440709F}.Debug|Any CPU.Build.0 = Debug|Any CPU
		{38A01240-91B0-406D-9408-D603F440709F}.Release|Any CPU.ActiveCfg = Release|Any CPU
		{38A01240-91B0-406D-9408-D603F440709F}.Release|Any CPU.Build.0 = Release|Any CPU
	EndGlobalSection
	GlobalSection(SolutionProperties) = preSolution
		HideSolutionNode = FALSE
	EndGlobalSection
EndGlobal
