
Microsoft Visual Studio Solution File, Format Version 12.00
# Visual Studio 14
VisualStudioVersion = 14.0.25123.0
MinimumVisualStudioVersion = 10.0.40219.1
Project("{FAE04EC0-301F-11D3-BF4B-00C04F79EFBC}") = "01.Medenka", "01.Medenka\01.Medenka.csproj", "{C4843041-3924-441A-A382-F54B088AF174}"
EndProject
Project("{FAE04EC0-301F-11D3-BF4B-00C04F79EFBC}") = "02.Cable-Merchant", "02.Cable-Merchant\02.Cable-Merchant.csproj", "{C75D8005-F772-4756-A1E6-4A6A6A598777}"
EndProject
Project("{FAE04EC0-301F-11D3-BF4B-00C04F79EFBC}") = "03.Sticks", "03.Sticks\03.Sticks.csproj", "{6648EA83-4824-48B8-9F72-D0897B668917}"
EndProject
Project("{FAE04EC0-301F-11D3-BF4B-00C04F79EFBC}") = "04.Robbery-Fast", "04.Robbery\04.Robbery-Fast.csproj", "{A8E0D559-AEE7-4B38-AFA7-AC08E4AB6CC1}"
EndProject
Global
	GlobalSection(SolutionConfigurationPlatforms) = preSolution
		Debug|Any CPU = Debug|Any CPU
		Release|Any CPU = Release|Any CPU
	EndGlobalSection
	GlobalSection(ProjectConfigurationPlatforms) = postSolution
		{C4843041-3924-441A-A382-F54B088AF174}.Debug|Any CPU.ActiveCfg = Debug|Any CPU
		{C4843041-3924-441A-A382-F54B088AF174}.Debug|Any CPU.Build.0 = Debug|Any CPU
		{C4843041-3924-441A-A382-F54B088AF174}.Release|Any CPU.ActiveCfg = Release|Any CPU
		{C4843041-3924-441A-A382-F54B088AF174}.Release|Any CPU.Build.0 = Release|Any CPU
		{C75D8005-F772-4756-A1E6-4A6A6A598777}.Debug|Any CPU.ActiveCfg = Debug|Any CPU
		{C75D8005-F772-4756-A1E6-4A6A6A598777}.Debug|Any CPU.Build.0 = Debug|Any CPU
		{C75D8005-F772-4756-A1E6-4A6A6A598777}.Release|Any CPU.ActiveCfg = Release|Any CPU
		{C75D8005-F772-4756-A1E6-4A6A6A598777}.Release|Any CPU.Build.0 = Release|Any CPU
		{6648EA83-4824-48B8-9F72-D0897B668917}.Debug|Any CPU.ActiveCfg = Debug|Any CPU
		{6648EA83-4824-48B8-9F72-D0897B668917}.Debug|Any CPU.Build.0 = Debug|Any CPU
		{6648EA83-4824-48B8-9F72-D0897B668917}.Release|Any CPU.ActiveCfg = Release|Any CPU
		{6648EA83-4824-48B8-9F72-D0897B668917}.Release|Any CPU.Build.0 = Release|Any CPU
		{A8E0D559-AEE7-4B38-AFA7-AC08E4AB6CC1}.Debug|Any CPU.ActiveCfg = Debug|Any CPU
		{A8E0D559-AEE7-4B38-AFA7-AC08E4AB6CC1}.Debug|Any CPU.Build.0 = Debug|Any CPU
		{A8E0D559-AEE7-4B38-AFA7-AC08E4AB6CC1}.Release|Any CPU.ActiveCfg = Release|Any CPU
		{A8E0D559-AEE7-4B38-AFA7-AC08E4AB6CC1}.Release|Any CPU.Build.0 = Release|Any CPU
	EndGlobalSection
	GlobalSection(SolutionProperties) = preSolution
		HideSolutionNode = FALSE
	EndGlobalSection
EndGlobal
