
Microsoft Visual Studio Solution File, Format Version 12.00
# Visual Studio 2013
VisualStudioVersion = 12.0.30501.0
MinimumVisualStudioVersion = 10.0.40219.1
Project("{9092AA53-FB77-4645-B42D-1CCCA6BD08BD}") = "Problem01-Last-Digit-of-Number", "Problem01-Last-Digit-of-Number\Problem01-Last-Digit-of-Number.njsproj", "{86D4C478-9A9D-4BE2-B02A-B1C08FC9F9E2}"
EndProject
Project("{9092AA53-FB77-4645-B42D-1CCCA6BD08BD}") = "Problem02-N-th-Digit-of-Number", "Problem02-N-th-Digit-of-Number\Problem02-N-th-Digit-of-Number.njsproj", "{E8812B93-0AD4-461A-B87C-6B0635BB3C17}"
EndProject
Project("{9092AA53-FB77-4645-B42D-1CCCA6BD08BD}") = "Problem03-Number-with-Largest-Sum-of-Digits", "Problem03-Number-with-Largest-Sum-of-Digits\Problem03-Number-with-Largest-Sum-of-Digits.njsproj", "{4B279C65-C41E-43D8-8EC2-4DD2FE11F667}"
EndProject
Project("{9092AA53-FB77-4645-B42D-1CCCA6BD08BD}") = "Problem04-Bigger-Than-Neighbors", "Problem04-Bigger-Than-Neighbors\Problem04-Bigger-Than-Neighbors.njsproj", "{5AF1D845-68A5-40A9-B514-76977C1DBE7F}"
EndProject
Project("{9092AA53-FB77-4645-B42D-1CCCA6BD08BD}") = "Problem05-Reverse-Every-Word-in-a-String", "Problem05-Reverse-Every-Word-in-a-String\Problem05-Reverse-Every-Word-in-a-String.njsproj", "{D1595B1D-2C82-41E5-AFFB-5C17DA9457DF}"
EndProject
Project("{9092AA53-FB77-4645-B42D-1CCCA6BD08BD}") = "Problem06-Count-Number-of-DIVs", "Problem06-Count-Number-of-DIVs\Problem06-Count-Number-of-DIVs.njsproj", "{34F400ED-64E3-42FC-A645-79E0CF6BF73C}"
EndProject
Project("{9092AA53-FB77-4645-B42D-1CCCA6BD08BD}") = "Problem07-Find-Youngest-Person", "Problem07-Find-Youngest-Person\Problem07-Find-Youngest-Person.njsproj", "{9F82545E-0F8C-49D0-A0CD-A7AE788E7706}"
EndProject
Global
	GlobalSection(SolutionConfigurationPlatforms) = preSolution
		Debug|Any CPU = Debug|Any CPU
		Release|Any CPU = Release|Any CPU
	EndGlobalSection
	GlobalSection(ProjectConfigurationPlatforms) = postSolution
		{86D4C478-9A9D-4BE2-B02A-B1C08FC9F9E2}.Debug|Any CPU.ActiveCfg = Debug|Any CPU
		{86D4C478-9A9D-4BE2-B02A-B1C08FC9F9E2}.Debug|Any CPU.Build.0 = Debug|Any CPU
		{86D4C478-9A9D-4BE2-B02A-B1C08FC9F9E2}.Release|Any CPU.ActiveCfg = Release|Any CPU
		{86D4C478-9A9D-4BE2-B02A-B1C08FC9F9E2}.Release|Any CPU.Build.0 = Release|Any CPU
		{E8812B93-0AD4-461A-B87C-6B0635BB3C17}.Debug|Any CPU.ActiveCfg = Debug|Any CPU
		{E8812B93-0AD4-461A-B87C-6B0635BB3C17}.Debug|Any CPU.Build.0 = Debug|Any CPU
		{E8812B93-0AD4-461A-B87C-6B0635BB3C17}.Release|Any CPU.ActiveCfg = Release|Any CPU
		{E8812B93-0AD4-461A-B87C-6B0635BB3C17}.Release|Any CPU.Build.0 = Release|Any CPU
		{4B279C65-C41E-43D8-8EC2-4DD2FE11F667}.Debug|Any CPU.ActiveCfg = Debug|Any CPU
		{4B279C65-C41E-43D8-8EC2-4DD2FE11F667}.Debug|Any CPU.Build.0 = Debug|Any CPU
		{4B279C65-C41E-43D8-8EC2-4DD2FE11F667}.Release|Any CPU.ActiveCfg = Release|Any CPU
		{4B279C65-C41E-43D8-8EC2-4DD2FE11F667}.Release|Any CPU.Build.0 = Release|Any CPU
		{5AF1D845-68A5-40A9-B514-76977C1DBE7F}.Debug|Any CPU.ActiveCfg = Debug|Any CPU
		{5AF1D845-68A5-40A9-B514-76977C1DBE7F}.Debug|Any CPU.Build.0 = Debug|Any CPU
		{5AF1D845-68A5-40A9-B514-76977C1DBE7F}.Release|Any CPU.ActiveCfg = Release|Any CPU
		{5AF1D845-68A5-40A9-B514-76977C1DBE7F}.Release|Any CPU.Build.0 = Release|Any CPU
		{D1595B1D-2C82-41E5-AFFB-5C17DA9457DF}.Debug|Any CPU.ActiveCfg = Debug|Any CPU
		{D1595B1D-2C82-41E5-AFFB-5C17DA9457DF}.Debug|Any CPU.Build.0 = Debug|Any CPU
		{D1595B1D-2C82-41E5-AFFB-5C17DA9457DF}.Release|Any CPU.ActiveCfg = Release|Any CPU
		{D1595B1D-2C82-41E5-AFFB-5C17DA9457DF}.Release|Any CPU.Build.0 = Release|Any CPU
		{34F400ED-64E3-42FC-A645-79E0CF6BF73C}.Debug|Any CPU.ActiveCfg = Debug|Any CPU
		{34F400ED-64E3-42FC-A645-79E0CF6BF73C}.Debug|Any CPU.Build.0 = Debug|Any CPU
		{34F400ED-64E3-42FC-A645-79E0CF6BF73C}.Release|Any CPU.ActiveCfg = Release|Any CPU
		{34F400ED-64E3-42FC-A645-79E0CF6BF73C}.Release|Any CPU.Build.0 = Release|Any CPU
		{9F82545E-0F8C-49D0-A0CD-A7AE788E7706}.Debug|Any CPU.ActiveCfg = Debug|Any CPU
		{9F82545E-0F8C-49D0-A0CD-A7AE788E7706}.Debug|Any CPU.Build.0 = Debug|Any CPU
		{9F82545E-0F8C-49D0-A0CD-A7AE788E7706}.Release|Any CPU.ActiveCfg = Release|Any CPU
		{9F82545E-0F8C-49D0-A0CD-A7AE788E7706}.Release|Any CPU.Build.0 = Release|Any CPU
	EndGlobalSection
	GlobalSection(SolutionProperties) = preSolution
		HideSolutionNode = FALSE
	EndGlobalSection
EndGlobal
